
Microsoft Visual Studio Solution File, Format Version 12.00
# Visual Studio Version 17
VisualStudioVersion = 17.10.35013.160
MinimumVisualStudioVersion = 10.0.40219.1
Project("{FAE04EC0-301F-11D3-BF4B-00C04F79EFBC}") = "WebAPI", "WebAPI.csproj", "{F42E649C-574F-478D-9523-308EE224E391}"
EndProject
Global
	GlobalSection(SolutionConfigurationPlatforms) = preSolution
		Debug|Any CPU = Debug|Any CPU
		Release|Any CPU = Release|Any CPU
	EndGlobalSection
	GlobalSection(ProjectConfigurationPlatforms) = postSolution
		{F42E649C-574F-478D-9523-308EE224E391}.Debug|Any CPU.ActiveCfg = Debug|Any CPU
		{F42E649C-574F-478D-9523-308EE224E391}.Debug|Any CPU.Build.0 = Debug|Any CPU
		{F42E649C-574F-478D-9523-308EE224E391}.Release|Any CPU.ActiveCfg = Release|Any CPU
		{F42E649C-574F-478D-9523-308EE224E391}.Release|Any CPU.Build.0 = Release|Any CPU
	EndGlobalSection
	GlobalSection(SolutionProperties) = preSolution
		HideSolutionNode = FALSE
	EndGlobalSection
	GlobalSection(ExtensibilityGlobals) = postSolution
		SolutionGuid = {8EFC694E-6527-40CA-A03D-96F6B1A3DE8B}
	EndGlobalSection
EndGlobal
